
Microsoft Visual Studio Solution File, Format Version 12.00
# Visual Studio Version 17
VisualStudioVersion = 17.10.35013.160
MinimumVisualStudioVersion = 10.0.40219.1
Project("{FAE04EC0-301F-11D3-BF4B-00C04F79EFBC}") = "FluentDocker.SqlServer.Example", "FluentDocker.SqlServer.Example\FluentDocker.SqlServer.Example.csproj", "{B8B5C021-540D-45D3-9D5D-A3FCBCF6829C}"
EndProject
Global
	GlobalSection(SolutionConfigurationPlatforms) = preSolution
		Debug|Any CPU = Debug|Any CPU
		Release|Any CPU = Release|Any CPU
	EndGlobalSection
	GlobalSection(ProjectConfigurationPlatforms) = postSolution
		{B8B5C021-540D-45D3-9D5D-A3FCBCF6829C}.Debug|Any CPU.ActiveCfg = Debug|Any CPU
		{B8B5C021-540D-45D3-9D5D-A3FCBCF6829C}.Debug|Any CPU.Build.0 = Debug|Any CPU
		{B8B5C021-540D-45D3-9D5D-A3FCBCF6829C}.Release|Any CPU.ActiveCfg = Release|Any CPU
		{B8B5C021-540D-45D3-9D5D-A3FCBCF6829C}.Release|Any CPU.Build.0 = Release|Any CPU
	EndGlobalSection
	GlobalSection(SolutionProperties) = preSolution
		HideSolutionNode = FALSE
	EndGlobalSection
	GlobalSection(ExtensibilityGlobals) = postSolution
		SolutionGuid = {8A114028-8312-4C96-B4F6-D66CA5C0780F}
	EndGlobalSection
EndGlobal
